// !$*UTF8*$!
{
	archiveVersion = 1;
	classes = {
	};
	objectVersion = 56;
	objects = {

/* Begin PBXBuildFile section */
		EA58CA982A44816100104AA8 /* Welcome.swift in Sources */ = {isa = PBXBuildFile; fileRef = EA58CA972A44816100104AA8 /* Welcome.swift */; };
		EA95DC472A38777500D30ED5 /* geniUsApp.swift in Sources */ = {isa = PBXBuildFile; fileRef = EA95DC462A38777500D30ED5 /* geniUsApp.swift */; };
		EA95DC492A38777500D30ED5 /* ContentView.swift in Sources */ = {isa = PBXBuildFile; fileRef = EA95DC482A38777500D30ED5 /* ContentView.swift */; };
		EA95DC4B2A38777700D30ED5 /* Assets.xcassets in Resources */ = {isa = PBXBuildFile; fileRef = EA95DC4A2A38777700D30ED5 /* Assets.xcassets */; };
		EA95DC4E2A38777700D30ED5 /* Preview Assets.xcassets in Resources */ = {isa = PBXBuildFile; fileRef = EA95DC4D2A38777700D30ED5 /* Preview Assets.xcassets */; };
		EA95DC582A38777700D30ED5 /* geniUsTests.swift in Sources */ = {isa = PBXBuildFile; fileRef = EA95DC572A38777700D30ED5 /* geniUsTests.swift */; };
		EA95DC622A38777700D30ED5 /* geniUsUITests.swift in Sources */ = {isa = PBXBuildFile; fileRef = EA95DC612A38777700D30ED5 /* geniUsUITests.swift */; };
		EA95DC642A38777700D30ED5 /* geniUsUITestsLaunchTests.swift in Sources */ = {isa = PBXBuildFile; fileRef = EA95DC632A38777700D30ED5 /* geniUsUITestsLaunchTests.swift */; };
		EA9CD97D2A3878B0007823FF /* HomeView.swift in Sources */ = {isa = PBXBuildFile; fileRef = EA9CD97C2A3878B0007823FF /* HomeView.swift */; };
		EA9CD97F2A3878D2007823FF /* StoryView.swift in Sources */ = {isa = PBXBuildFile; fileRef = EA9CD97E2A3878D2007823FF /* StoryView.swift */; };
		EA9CD9812A38792E007823FF /* FavoritesView.swift in Sources */ = {isa = PBXBuildFile; fileRef = EA9CD9802A38792E007823FF /* FavoritesView.swift */; };
		EA9CD9832A387961007823FF /* FunFactsView.swift in Sources */ = {isa = PBXBuildFile; fileRef = EA9CD9822A387961007823FF /* FunFactsView.swift */; };
		EA9CD9852A3879B4007823FF /* Data.swift in Sources */ = {isa = PBXBuildFile; fileRef = EA9CD9842A3879B4007823FF /* Data.swift */; };
/* End PBXBuildFile section */

/* Begin PBXContainerItemProxy section */
		EA95DC542A38777700D30ED5 /* PBXContainerItemProxy */ = {
			isa = PBXContainerItemProxy;
			containerPortal = EA95DC3B2A38777500D30ED5 /* Project object */;
			proxyType = 1;
			remoteGlobalIDString = EA95DC422A38777500D30ED5;
			remoteInfo = geniUs;
		};
		EA95DC5E2A38777700D30ED5 /* PBXContainerItemProxy */ = {
			isa = PBXContainerItemProxy;
			containerPortal = EA95DC3B2A38777500D30ED5 /* Project object */;
			proxyType = 1;
			remoteGlobalIDString = EA95DC422A38777500D30ED5;
			remoteInfo = geniUs;
		};
/* End PBXContainerItemProxy section */

/* Begin PBXFileReference section */
		EA58CA972A44816100104AA8 /* Welcome.swift */ = {isa = PBXFileReference; lastKnownFileType = sourcecode.swift; path = Welcome.swift; sourceTree = "<group>"; };
		EA95DC432A38777500D30ED5 /* geniUs.app */ = {isa = PBXFileReference; explicitFileType = wrapper.application; includeInIndex = 0; path = geniUs.app; sourceTree = BUILT_PRODUCTS_DIR; };
		EA95DC462A38777500D30ED5 /* geniUsApp.swift */ = {isa = PBXFileReference; lastKnownFileType = sourcecode.swift; path = geniUsApp.swift; sourceTree = "<group>"; };
		EA95DC482A38777500D30ED5 /* ContentView.swift */ = {isa = PBXFileReference; lastKnownFileType = sourcecode.swift; path = ContentView.swift; sourceTree = "<group>"; };
		EA95DC4A2A38777700D30ED5 /* Assets.xcassets */ = {isa = PBXFileReference; lastKnownFileType = folder.assetcatalog; path = Assets.xcassets; sourceTree = "<group>"; };
		EA95DC4D2A38777700D30ED5 /* Preview Assets.xcassets */ = {isa = PBXFileReference; lastKnownFileType = folder.assetcatalog; path = "Preview Assets.xcassets"; sourceTree = "<group>"; };
		EA95DC532A38777700D30ED5 /* geniUsTests.xctest */ = {isa = PBXFileReference; explicitFileType = wrapper.cfbundle; includeInIndex = 0; path = geniUsTests.xctest; sourceTree = BUILT_PRODUCTS_DIR; };
		EA95DC572A38777700D30ED5 /* geniUsTests.swift */ = {isa = PBXFileReference; lastKnownFileType = sourcecode.swift; path = geniUsTests.swift; sourceTree = "<group>"; };
		EA95DC5D2A38777700D30ED5 /* geniUsUITests.xctest */ = {isa = PBXFileReference; explicitFileType = wrapper.cfbundle; includeInIndex = 0; path = geniUsUITests.xctest; sourceTree = BUILT_PRODUCTS_DIR; };
		EA95DC612A38777700D30ED5 /* geniUsUITests.swift */ = {isa = PBXFileReference; lastKnownFileType = sourcecode.swift; path = geniUsUITests.swift; sourceTree = "<group>"; };
		EA95DC632A38777700D30ED5 /* geniUsUITestsLaunchTests.swift */ = {isa = PBXFileReference; lastKnownFileType = sourcecode.swift; path = geniUsUITestsLaunchTests.swift; sourceTree = "<group>"; };
		EA9CD97C2A3878B0007823FF /* HomeView.swift */ = {isa = PBXFileReference; lastKnownFileType = sourcecode.swift; path = HomeView.swift; sourceTree = "<group>"; };
		EA9CD97E2A3878D2007823FF /* StoryView.swift */ = {isa = PBXFileReference; lastKnownFileType = sourcecode.swift; path = StoryView.swift; sourceTree = "<group>"; };
		EA9CD9802A38792E007823FF /* FavoritesView.swift */ = {isa = PBXFileReference; lastKnownFileType = sourcecode.swift; path = FavoritesView.swift; sourceTree = "<group>"; };
		EA9CD9822A387961007823FF /* FunFactsView.swift */ = {isa = PBXFileReference; lastKnownFileType = sourcecode.swift; path = FunFactsView.swift; sourceTree = "<group>"; };
		EA9CD9842A3879B4007823FF /* Data.swift */ = {isa = PBXFileReference; lastKnownFileType = sourcecode.swift; path = Data.swift; sourceTree = "<group>"; };
/* End PBXFileReference section */

/* Begin PBXFrameworksBuildPhase section */
		EA95DC402A38777500D30ED5 /* Frameworks */ = {
			isa = PBXFrameworksBuildPhase;
			buildActionMask = 2147483647;
			files = (
			);
			runOnlyForDeploymentPostprocessing = 0;
		};
		EA95DC502A38777700D30ED5 /* Frameworks */ = {
			isa = PBXFrameworksBuildPhase;
			buildActionMask = 2147483647;
			files = (
			);
			runOnlyForDeploymentPostprocessing = 0;
		};
		EA95DC5A2A38777700D30ED5 /* Frameworks */ = {
			isa = PBXFrameworksBuildPhase;
			buildActionMask = 2147483647;
			files = (
			);
			runOnlyForDeploymentPostprocessing = 0;
		};
/* End PBXFrameworksBuildPhase section */

/* Begin PBXGroup section */
		EA95DC3A2A38777500D30ED5 = {
			isa = PBXGroup;
			children = (
				EA95DC452A38777500D30ED5 /* geniUs */,
				EA95DC562A38777700D30ED5 /* geniUsTests */,
				EA95DC602A38777700D30ED5 /* geniUsUITests */,
				EA95DC442A38777500D30ED5 /* Products */,
			);
			sourceTree = "<group>";
		};
		EA95DC442A38777500D30ED5 /* Products */ = {
			isa = PBXGroup;
			children = (
				EA95DC432A38777500D30ED5 /* geniUs.app */,
				EA95DC532A38777700D30ED5 /* geniUsTests.xctest */,
				EA95DC5D2A38777700D30ED5 /* geniUsUITests.xctest */,
			);
			name = Products;
			sourceTree = "<group>";
		};
		EA95DC452A38777500D30ED5 /* geniUs */ = {
			isa = PBXGroup;
			children = (
				EA95DC462A38777500D30ED5 /* geniUsApp.swift */,
				EA95DC482A38777500D30ED5 /* ContentView.swift */,
				EA9CD97C2A3878B0007823FF /* HomeView.swift */,
				EA9CD97E2A3878D2007823FF /* StoryView.swift */,
				EA9CD9802A38792E007823FF /* FavoritesView.swift */,
				EA9CD9822A387961007823FF /* FunFactsView.swift */,
				EA9CD9842A3879B4007823FF /* Data.swift */,
				EA58CA972A44816100104AA8 /* Welcome.swift */,
				EA95DC4A2A38777700D30ED5 /* Assets.xcassets */,
				EA95DC4C2A38777700D30ED5 /* Preview Content */,
			);
			path = geniUs;
			sourceTree = "<group>";
		};
		EA95DC4C2A38777700D30ED5 /* Preview Content */ = {
			isa = PBXGroup;
			children = (
				EA95DC4D2A38777700D30ED5 /* Preview Assets.xcassets */,
			);
			path = "Preview Content";
			sourceTree = "<group>";
		};
		EA95DC562A38777700D30ED5 /* geniUsTests */ = {
			isa = PBXGroup;
			children = (
				EA95DC572A38777700D30ED5 /* geniUsTests.swift */,
			);
			path = geniUsTests;
			sourceTree = "<group>";
		};
		EA95DC602A38777700D30ED5 /* geniUsUITests */ = {
			isa = PBXGroup;
			children = (
				EA95DC612A38777700D30ED5 /* geniUsUITests.swift */,
				EA95DC632A38777700D30ED5 /* geniUsUITestsLaunchTests.swift */,
			);
			path = geniUsUITests;
			sourceTree = "<group>";
		};
/* End PBXGroup section */

/* Begin PBXNativeTarget section */
		EA95DC422A38777500D30ED5 /* geniUs */ = {
			isa = PBXNativeTarget;
			buildConfigurationList = EA95DC672A38777700D30ED5 /* Build configuration list for PBXNativeTarget "geniUs" */;
			buildPhases = (
				EA95DC3F2A38777500D30ED5 /* Sources */,
				EA95DC402A38777500D30ED5 /* Frameworks */,
				EA95DC412A38777500D30ED5 /* Resources */,
			);
			buildRules = (
			);
			dependencies = (
			);
			name = geniUs;
			productName = geniUs;
			productReference = EA95DC432A38777500D30ED5 /* geniUs.app */;
			productType = "com.apple.product-type.application";
		};
		EA95DC522A38777700D30ED5 /* geniUsTests */ = {
			isa = PBXNativeTarget;
			buildConfigurationList = EA95DC6A2A38777700D30ED5 /* Build configuration list for PBXNativeTarget "geniUsTests" */;
			buildPhases = (
				EA95DC4F2A38777700D30ED5 /* Sources */,
				EA95DC502A38777700D30ED5 /* Frameworks */,
				EA95DC512A38777700D30ED5 /* Resources */,
			);
			buildRules = (
			);
			dependencies = (
				EA95DC552A38777700D30ED5 /* PBXTargetDependency */,
			);
			name = geniUsTests;
			productName = geniUsTests;
			productReference = EA95DC532A38777700D30ED5 /* geniUsTests.xctest */;
			productType = "com.apple.product-type.bundle.unit-test";
		};
		EA95DC5C2A38777700D30ED5 /* geniUsUITests */ = {
			isa = PBXNativeTarget;
			buildConfigurationList = EA95DC6D2A38777700D30ED5 /* Build configuration list for PBXNativeTarget "geniUsUITests" */;
			buildPhases = (
				EA95DC592A38777700D30ED5 /* Sources */,
				EA95DC5A2A38777700D30ED5 /* Frameworks */,
				EA95DC5B2A38777700D30ED5 /* Resources */,
			);
			buildRules = (
			);
			dependencies = (
				EA95DC5F2A38777700D30ED5 /* PBXTargetDependency */,
			);
			name = geniUsUITests;
			productName = geniUsUITests;
			productReference = EA95DC5D2A38777700D30ED5 /* geniUsUITests.xctest */;
			productType = "com.apple.product-type.bundle.ui-testing";
		};
/* End PBXNativeTarget section */

/* Begin PBXProject section */
		EA95DC3B2A38777500D30ED5 /* Project object */ = {
			isa = PBXProject;
			attributes = {
				BuildIndependentTargetsInParallel = 1;
				LastSwiftUpdateCheck = 1420;
				LastUpgradeCheck = 1420;
				TargetAttributes = {
					EA95DC422A38777500D30ED5 = {
						CreatedOnToolsVersion = 14.2;
					};
					EA95DC522A38777700D30ED5 = {
						CreatedOnToolsVersion = 14.2;
						TestTargetID = EA95DC422A38777500D30ED5;
					};
					EA95DC5C2A38777700D30ED5 = {
						CreatedOnToolsVersion = 14.2;
						TestTargetID = EA95DC422A38777500D30ED5;
					};
				};
			};
			buildConfigurationList = EA95DC3E2A38777500D30ED5 /* Build configuration list for PBXProject "geniUs" */;
			compatibilityVersion = "Xcode 14.0";
			developmentRegion = en;
			hasScannedForEncodings = 0;
			knownRegions = (
				en,
				Base,
			);
			mainGroup = EA95DC3A2A38777500D30ED5;
			productRefGroup = EA95DC442A38777500D30ED5 /* Products */;
			projectDirPath = "";
			projectRoot = "";
			targets = (
				EA95DC422A38777500D30ED5 /* geniUs */,
				EA95DC522A38777700D30ED5 /* geniUsTests */,
				EA95DC5C2A38777700D30ED5 /* geniUsUITests */,
			);
		};
/* End PBXProject section */

/* Begin PBXResourcesBuildPhase section */
		EA95DC412A38777500D30ED5 /* Resources */ = {
			isa = PBXResourcesBuildPhase;
			buildActionMask = 2147483647;
			files = (
				EA95DC4E2A38777700D30ED5 /* Preview Assets.xcassets in Resources */,
				EA95DC4B2A38777700D30ED5 /* Assets.xcassets in Resources */,
			);
			runOnlyForDeploymentPostprocessing = 0;
		};
		EA95DC512A38777700D30ED5 /* Resources */ = {
			isa = PBXResourcesBuildPhase;
			buildActionMask = 2147483647;
			files = (
			);
			runOnlyForDeploymentPostprocessing = 0;
		};
		EA95DC5B2A38777700D30ED5 /* Resources */ = {
			isa = PBXResourcesBuildPhase;
			buildActionMask = 2147483647;
			files = (
			);
			runOnlyForDeploymentPostprocessing = 0;
		};
/* End PBXResourcesBuildPhase section */

/* Begin PBXSourcesBuildPhase section */
		EA95DC3F2A38777500D30ED5 /* Sources */ = {
			isa = PBXSourcesBuildPhase;
			buildActionMask = 2147483647;
			files = (
				EA9CD9852A3879B4007823FF /* Data.swift in Sources */,
				EA9CD9812A38792E007823FF /* FavoritesView.swift in Sources */,
				EA9CD97D2A3878B0007823FF /* HomeView.swift in Sources */,
				EA9CD9832A387961007823FF /* FunFactsView.swift in Sources */,
				EA58CA982A44816100104AA8 /* Welcome.swift in Sources */,
				EA95DC492A38777500D30ED5 /* ContentView.swift in Sources */,
				EA9CD97F2A3878D2007823FF /* StoryView.swift in Sources */,
				EA95DC472A38777500D30ED5 /* geniUsApp.swift in Sources */,
			);
			runOnlyForDeploymentPostprocessing = 0;
		};
		EA95DC4F2A38777700D30ED5 /* Sources */ = {
			isa = PBXSourcesBuildPhase;
			buildActionMask = 2147483647;
			files = (
				EA95DC582A38777700D30ED5 /* geniUsTests.swift in Sources */,
			);
			runOnlyForDeploymentPostprocessing = 0;
		};
		EA95DC592A38777700D30ED5 /* Sources */ = {
			isa = PBXSourcesBuildPhase;
			buildActionMask = 2147483647;
			files = (
				EA95DC622A38777700D30ED5 /* geniUsUITests.swift in Sources */,
				EA95DC642A38777700D30ED5 /* geniUsUITestsLaunchTests.swift in Sources */,
			);
			runOnlyForDeploymentPostprocessing = 0;
		};
/* End PBXSourcesBuildPhase section */

/* Begin PBXTargetDependency section */
		EA95DC552A38777700D30ED5 /* PBXTargetDependency */ = {
			isa = PBXTargetDependency;
			target = EA95DC422A38777500D30ED5 /* geniUs */;
			targetProxy = EA95DC542A38777700D30ED5 /* PBXContainerItemProxy */;
		};
		EA95DC5F2A38777700D30ED5 /* PBXTargetDependency */ = {
			isa = PBXTargetDependency;
			target = EA95DC422A38777500D30ED5 /* geniUs */;
			targetProxy = EA95DC5E2A38777700D30ED5 /* PBXContainerItemProxy */;
		};
/* End PBXTargetDependency section */

/* Begin XCBuildConfiguration section */
		EA95DC652A38777700D30ED5 /* Debug */ = {
			isa = XCBuildConfiguration;
			buildSettings = {
				ALWAYS_SEARCH_USER_PATHS = NO;
				CLANG_ANALYZER_NONNULL = YES;
				CLANG_ANALYZER_NUMBER_OBJECT_CONVERSION = YES_AGGRESSIVE;
				CLANG_CXX_LANGUAGE_STANDARD = "gnu++20";
				CLANG_ENABLE_MODULES = YES;
				CLANG_ENABLE_OBJC_ARC = YES;
				CLANG_ENABLE_OBJC_WEAK = YES;
				CLANG_WARN_BLOCK_CAPTURE_AUTORELEASING = YES;
				CLANG_WARN_BOOL_CONVERSION = YES;
				CLANG_WARN_COMMA = YES;
				CLANG_WARN_CONSTANT_CONVERSION = YES;
				CLANG_WARN_DEPRECATED_OBJC_IMPLEMENTATIONS = YES;
				CLANG_WARN_DIRECT_OBJC_ISA_USAGE = YES_ERROR;
				CLANG_WARN_DOCUMENTATION_COMMENTS = YES;
				CLANG_WARN_EMPTY_BODY = YES;
				CLANG_WARN_ENUM_CONVERSION = YES;
				CLANG_WARN_INFINITE_RECURSION = YES;
				CLANG_WARN_INT_CONVERSION = YES;
				CLANG_WARN_NON_LITERAL_NULL_CONVERSION = YES;
				CLANG_WARN_OBJC_IMPLICIT_RETAIN_SELF = YES;
				CLANG_WARN_OBJC_LITERAL_CONVERSION = YES;
				CLANG_WARN_OBJC_ROOT_CLASS = YES_ERROR;
				CLANG_WARN_QUOTED_INCLUDE_IN_FRAMEWORK_HEADER = YES;
				CLANG_WARN_RANGE_LOOP_ANALYSIS = YES;
				CLANG_WARN_STRICT_PROTOTYPES = YES;
				CLANG_WARN_SUSPICIOUS_MOVE = YES;
				CLANG_WARN_UNGUARDED_AVAILABILITY = YES_AGGRESSIVE;
				CLANG_WARN_UNREACHABLE_CODE = YES;
				CLANG_WARN__DUPLICATE_METHOD_MATCH = YES;
				COPY_PHASE_STRIP = NO;
				DEBUG_INFORMATION_FORMAT = dwarf;
				ENABLE_STRICT_OBJC_MSGSEND = YES;
				ENABLE_TESTABILITY = YES;
				GCC_C_LANGUAGE_STANDARD = gnu11;
				GCC_DYNAMIC_NO_PIC = NO;
				GCC_NO_COMMON_BLOCKS = YES;
				GCC_OPTIMIZATION_LEVEL = 0;
				GCC_PREPROCESSOR_DEFINITIONS = (
					"DEBUG=1",
					"$(inherited)",
				);
				GCC_WARN_64_TO_32_BIT_CONVERSION = YES;
				GCC_WARN_ABOUT_RETURN_TYPE = YES_ERROR;
				GCC_WARN_UNDECLARED_SELECTOR = YES;
				GCC_WARN_UNINITIALIZED_AUTOS = YES_AGGRESSIVE;
				GCC_WARN_UNUSED_FUNCTION = YES;
				GCC_WARN_UNUSED_VARIABLE = YES;
				IPHONEOS_DEPLOYMENT_TARGET = 16.2;
				MTL_ENABLE_DEBUG_INFO = INCLUDE_SOURCE;
				MTL_FAST_MATH = YES;
				ONLY_ACTIVE_ARCH = YES;
				SDKROOT = iphoneos;
				SWIFT_ACTIVE_COMPILATION_CONDITIONS = DEBUG;
				SWIFT_OPTIMIZATION_LEVEL = "-Onone";
			};
			name = Debug;
		};
		EA95DC662A38777700D30ED5 /* Release */ = {
			isa = XCBuildConfiguration;
			buildSettings = {
				ALWAYS_SEARCH_USER_PATHS = NO;
				CLANG_ANALYZER_NONNULL = YES;
				CLANG_ANALYZER_NUMBER_OBJECT_CONVERSION = YES_AGGRESSIVE;
				CLANG_CXX_LANGUAGE_STANDARD = "gnu++20";
				CLANG_ENABLE_MODULES = YES;
				CLANG_ENABLE_OBJC_ARC = YES;
				CLANG_ENABLE_OBJC_WEAK = YES;
				CLANG_WARN_BLOCK_CAPTURE_AUTORELEASING = YES;
				CLANG_WARN_BOOL_CONVERSION = YES;
				CLANG_WARN_COMMA = YES;
				CLANG_WARN_CONSTANT_CONVERSION = YES;
				CLANG_WARN_DEPRECATED_OBJC_IMPLEMENTATIONS = YES;
				CLANG_WARN_DIRECT_OBJC_ISA_USAGE = YES_ERROR;
				CLANG_WARN_DOCUMENTATION_COMMENTS = YES;
				CLANG_WARN_EMPTY_BODY = YES;
				CLANG_WARN_ENUM_CONVERSION = YES;
				CLANG_WARN_INFINITE_RECURSION = YES;
				CLANG_WARN_INT_CONVERSION = YES;
				CLANG_WARN_NON_LITERAL_NULL_CONVERSION = YES;
				CLANG_WARN_OBJC_IMPLICIT_RETAIN_SELF = YES;
				CLANG_WARN_OBJC_LITERAL_CONVERSION = YES;
				CLANG_WARN_OBJC_ROOT_CLASS = YES_ERROR;
				CLANG_WARN_QUOTED_INCLUDE_IN_FRAMEWORK_HEADER = YES;
				CLANG_WARN_RANGE_LOOP_ANALYSIS = YES;
				CLANG_WARN_STRICT_PROTOTYPES = YES;
				CLANG_WARN_SUSPICIOUS_MOVE = YES;
				CLANG_WARN_UNGUARDED_AVAILABILITY = YES_AGGRESSIVE;
				CLANG_WARN_UNREACHABLE_CODE = YES;
				CLANG_WARN__DUPLICATE_METHOD_MATCH = YES;
				COPY_PHASE_STRIP = NO;
				DEBUG_INFORMATION_FORMAT = "dwarf-with-dsym";
				ENABLE_NS_ASSERTIONS = NO;
				ENABLE_STRICT_OBJC_MSGSEND = YES;
				GCC_C_LANGUAGE_STANDARD = gnu11;
				GCC_NO_COMMON_BLOCKS = YES;
				GCC_WARN_64_TO_32_BIT_CONVERSION = YES;
				GCC_WARN_ABOUT_RETURN_TYPE = YES_ERROR;
				GCC_WARN_UNDECLARED_SELECTOR = YES;
				GCC_WARN_UNINITIALIZED_AUTOS = YES_AGGRESSIVE;
				GCC_WARN_UNUSED_FUNCTION = YES;
				GCC_WARN_UNUSED_VARIABLE = YES;
				IPHONEOS_DEPLOYMENT_TARGET = 16.2;
				MTL_ENABLE_DEBUG_INFO = NO;
				MTL_FAST_MATH = YES;
				SDKROOT = iphoneos;
				SWIFT_COMPILATION_MODE = wholemodule;
				SWIFT_OPTIMIZATION_LEVEL = "-O";
				VALIDATE_PRODUCT = YES;
			};
			name = Release;
		};
		EA95DC682A38777700D30ED5 /* Debug */ = {
			isa = XCBuildConfiguration;
			buildSettings = {
				ASSETCATALOG_COMPILER_APPICON_NAME = AppIcon;
				ASSETCATALOG_COMPILER_GLOBAL_ACCENT_COLOR_NAME = AccentColor;
				CODE_SIGN_STYLE = Automatic;
				CURRENT_PROJECT_VERSION = 1;
				DEVELOPMENT_ASSET_PATHS = "\"geniUs/Preview Content\"";
				ENABLE_PREVIEWS = YES;
				GENERATE_INFOPLIST_FILE = YES;
				INFOPLIST_KEY_UIApplicationSceneManifest_Generation = YES;
				INFOPLIST_KEY_UIApplicationSupportsIndirectInputEvents = YES;
				INFOPLIST_KEY_UILaunchScreen_Generation = YES;
				INFOPLIST_KEY_UISupportedInterfaceOrientations_iPad = "UIInterfaceOrientationPortrait UIInterfaceOrientationPortraitUpsideDown UIInterfaceOrientationLandscapeLeft UIInterfaceOrientationLandscapeRight";
				INFOPLIST_KEY_UISupportedInterfaceOrientations_iPhone = "UIInterfaceOrientationPortrait UIInterfaceOrientationLandscapeLeft UIInterfaceOrientationLandscapeRight";
				LD_RUNPATH_SEARCH_PATHS = (
					"$(inherited)",
					"@executable_path/Frameworks",
				);
				MARKETING_VERSION = 1.0;
				PRODUCT_BUNDLE_IDENTIFIER = maham.geniUs;
				PRODUCT_NAME = "$(TARGET_NAME)";
				SWIFT_EMIT_LOC_STRINGS = YES;
				SWIFT_VERSION = 5.0;
				TARGETED_DEVICE_FAMILY = "1,2";
			};
			name = Debug;
		};
		EA95DC692A38777700D30ED5 /* Release */ = {
			isa = XCBuildConfiguration;
			buildSettings = {
				ASSETCATALOG_COMPILER_APPICON_NAME = AppIcon;
				ASSETCATALOG_COMPILER_GLOBAL_ACCENT_COLOR_NAME = AccentColor;
				CODE_SIGN_STYLE = Automatic;
				CURRENT_PROJECT_VERSION = 1;
				DEVELOPMENT_ASSET_PATHS = "\"geniUs/Preview Content\"";
				ENABLE_PREVIEWS = YES;
				GENERATE_INFOPLIST_FILE = YES;
				INFOPLIST_KEY_UIApplicationSceneManifest_Generation = YES;
				INFOPLIST_KEY_UIApplicationSupportsIndirectInputEvents = YES;
				INFOPLIST_KEY_UILaunchScreen_Generation = YES;
				INFOPLIST_KEY_UISupportedInterfaceOrientations_iPad = "UIInterfaceOrientationPortrait UIInterfaceOrientationPortraitUpsideDown UIInterfaceOrientationLandscapeLeft UIInterfaceOrientationLandscapeRight";
				INFOPLIST_KEY_UISupportedInterfaceOrientations_iPhone = "UIInterfaceOrientationPortrait UIInterfaceOrientationLandscapeLeft UIInterfaceOrientationLandscapeRight";
				LD_RUNPATH_SEARCH_PATHS = (
					"$(inherited)",
					"@executable_path/Frameworks",
				);
				MARKETING_VERSION = 1.0;
				PRODUCT_BUNDLE_IDENTIFIER = maham.geniUs;
				PRODUCT_NAME = "$(TARGET_NAME)";
				SWIFT_EMIT_LOC_STRINGS = YES;
				SWIFT_VERSION = 5.0;
				TARGETED_DEVICE_FAMILY = "1,2";
			};
			name = Release;
		};
		EA95DC6B2A38777700D30ED5 /* Debug */ = {
			isa = XCBuildConfiguration;
			buildSettings = {
				ALWAYS_EMBED_SWIFT_STANDARD_LIBRARIES = YES;
				BUNDLE_LOADER = "$(TEST_HOST)";
				CODE_SIGN_STYLE = Automatic;
				CURRENT_PROJECT_VERSION = 1;
				GENERATE_INFOPLIST_FILE = YES;
				IPHONEOS_DEPLOYMENT_TARGET = 16.2;
				MARKETING_VERSION = 1.0;
				PRODUCT_BUNDLE_IDENTIFIER = maham.geniUsTests;
				PRODUCT_NAME = "$(TARGET_NAME)";
				SWIFT_EMIT_LOC_STRINGS = NO;
				SWIFT_VERSION = 5.0;
				TARGETED_DEVICE_FAMILY = "1,2";
				TEST_HOST = "$(BUILT_PRODUCTS_DIR)/geniUs.app/$(BUNDLE_EXECUTABLE_FOLDER_PATH)/geniUs";
			};
			name = Debug;
		};
		EA95DC6C2A38777700D30ED5 /* Release */ = {
			isa = XCBuildConfiguration;
			buildSettings = {
				ALWAYS_EMBED_SWIFT_STANDARD_LIBRARIES = YES;
				BUNDLE_LOADER = "$(TEST_HOST)";
				CODE_SIGN_STYLE = Automatic;
				CURRENT_PROJECT_VERSION = 1;
				GENERATE_INFOPLIST_FILE = YES;
				IPHONEOS_DEPLOYMENT_TARGET = 16.2;
				MARKETING_VERSION = 1.0;
				PRODUCT_BUNDLE_IDENTIFIER = maham.geniUsTests;
				PRODUCT_NAME = "$(TARGET_NAME)";
				SWIFT_EMIT_LOC_STRINGS = NO;
				SWIFT_VERSION = 5.0;
				TARGETED_DEVICE_FAMILY = "1,2";
				TEST_HOST = "$(BUILT_PRODUCTS_DIR)/geniUs.app/$(BUNDLE_EXECUTABLE_FOLDER_PATH)/geniUs";
			};
			name = Release;
		};
		EA95DC6E2A38777700D30ED5 /* Debug */ = {
			isa = XCBuildConfiguration;
			buildSettings = {
				ALWAYS_EMBED_SWIFT_STANDARD_LIBRARIES = YES;
				CODE_SIGN_STYLE = Automatic;
				CURRENT_PROJECT_VERSION = 1;
				GENERATE_INFOPLIST_FILE = YES;
				MARKETING_VERSION = 1.0;
				PRODUCT_BUNDLE_IDENTIFIER = maham.geniUsUITests;
				PRODUCT_NAME = "$(TARGET_NAME)";
				SWIFT_EMIT_LOC_STRINGS = NO;
				SWIFT_VERSION = 5.0;
				TARGETED_DEVICE_FAMILY = "1,2";
				TEST_TARGET_NAME = geniUs;
			};
			name = Debug;
		};
		EA95DC6F2A38777700D30ED5 /* Release */ = {
			isa = XCBuildConfiguration;
			buildSettings = {
				ALWAYS_EMBED_SWIFT_STANDARD_LIBRARIES = YES;
				CODE_SIGN_STYLE = Automatic;
				CURRENT_PROJECT_VERSION = 1;
				GENERATE_INFOPLIST_FILE = YES;
				MARKETING_VERSION = 1.0;
				PRODUCT_BUNDLE_IDENTIFIER = maham.geniUsUITests;
				PRODUCT_NAME = "$(TARGET_NAME)";
				SWIFT_EMIT_LOC_STRINGS = NO;
				SWIFT_VERSION = 5.0;
				TARGETED_DEVICE_FAMILY = "1,2";
				TEST_TARGET_NAME = geniUs;
			};
			name = Release;
		};
/* End XCBuildConfiguration section */

/* Begin XCConfigurationList section */
		EA95DC3E2A38777500D30ED5 /* Build configuration list for PBXProject "geniUs" */ = {
			isa = XCConfigurationList;
			buildConfigurations = (
				EA95DC652A38777700D30ED5 /* Debug */,
				EA95DC662A38777700D30ED5 /* Release */,
			);
			defaultConfigurationIsVisible = 0;
			defaultConfigurationName = Release;
		};
		EA95DC672A38777700D30ED5 /* Build configuration list for PBXNativeTarget "geniUs" */ = {
			isa = XCConfigurationList;
			buildConfigurations = (
				EA95DC682A38777700D30ED5 /* Debug */,
				EA95DC692A38777700D30ED5 /* Release */,
			);
			defaultConfigurationIsVisible = 0;
			defaultConfigurationName = Release;
		};
		EA95DC6A2A38777700D30ED5 /* Build configuration list for PBXNativeTarget "geniUsTests" */ = {
			isa = XCConfigurationList;
			buildConfigurations = (
				EA95DC6B2A38777700D30ED5 /* Debug */,
				EA95DC6C2A38777700D30ED5 /* Release */,
			);
			defaultConfigurationIsVisible = 0;
			defaultConfigurationName = Release;
		};
		EA95DC6D2A38777700D30ED5 /* Build configuration list for PBXNativeTarget "geniUsUITests" */ = {
			isa = XCConfigurationList;
			buildConfigurations = (
				EA95DC6E2A38777700D30ED5 /* Debug */,
				EA95DC6F2A38777700D30ED5 /* Release */,
			);
			defaultConfigurationIsVisible = 0;
			defaultConfigurationName = Release;
		};
/* End XCConfigurationList section */
	};
	rootObject = EA95DC3B2A38777500D30ED5 /* Project object */;
}
